
Microsoft Visual Studio Solution File, Format Version 12.00
# Visual Studio Version 17
VisualStudioVersion = 17.14.36327.8 d17.14
MinimumVisualStudioVersion = 10.0.40219.1
Project("{FAE04EC0-301F-11D3-BF4B-00C04F79EFBC}") = "DVA222Labb1", "DVA222Labb1.csproj", "{0EC10D33-91F6-48E1-ADA1-8743A4DD757B}"
EndProject
Global
	GlobalSection(SolutionConfigurationPlatforms) = preSolution
		Debug|Any CPU = Debug|Any CPU
		Release|Any CPU = Release|Any CPU
	EndGlobalSection
	GlobalSection(ProjectConfigurationPlatforms) = postSolution
		{0EC10D33-91F6-48E1-ADA1-8743A4DD757B}.Debug|Any CPU.ActiveCfg = Debug|Any CPU
		{0EC10D33-91F6-48E1-ADA1-8743A4DD757B}.Debug|Any CPU.Build.0 = Debug|Any CPU
		{0EC10D33-91F6-48E1-ADA1-8743A4DD757B}.Release|Any CPU.ActiveCfg = Release|Any CPU
		{0EC10D33-91F6-48E1-ADA1-8743A4DD757B}.Release|Any CPU.Build.0 = Release|Any CPU
	EndGlobalSection
	GlobalSection(SolutionProperties) = preSolution
		HideSolutionNode = FALSE
	EndGlobalSection
	GlobalSection(ExtensibilityGlobals) = postSolution
		SolutionGuid = {A4169614-F297-4C34-9AAE-9D6821B1F3B8}
	EndGlobalSection
EndGlobal
